
Microsoft Visual Studio Solution File, Format Version 12.00
# Visual Studio 15
VisualStudioVersion = 15.0.26124.0
MinimumVisualStudioVersion = 15.0.26124.0
Project("{2150E333-8FDC-42A3-9474-1A3956D46DE8}") = "src", "src", "{EB07E753-385B-41CB-BFCC-33777424BFE8}"
EndProject
Project("{FAE04EC0-301F-11D3-BF4B-00C04F79EFBC}") = "Zyborg.HCL", "src\Zyborg.HCL\Zyborg.HCL.csproj", "{8900D6CC-784F-446F-9F59-BA0779DDC3B1}"
EndProject
Project("{2150E333-8FDC-42A3-9474-1A3956D46DE8}") = "test", "test", "{4F5CEA16-3EE9-4CBD-82BD-FE0A0B03CA44}"
EndProject
Project("{FAE04EC0-301F-11D3-BF4B-00C04F79EFBC}") = "Zyborg.HCL.Tests", "test\Zyborg.HCL.Tests\Zyborg.HCL.Tests.csproj", "{B25012FC-ED08-4E01-9B38-BE8740F1ADD0}"
EndProject
Global
	GlobalSection(SolutionConfigurationPlatforms) = preSolution
		Debug|Any CPU = Debug|Any CPU
		Debug|x64 = Debug|x64
		Debug|x86 = Debug|x86
		Release|Any CPU = Release|Any CPU
		Release|x64 = Release|x64
		Release|x86 = Release|x86
	EndGlobalSection
	GlobalSection(SolutionProperties) = preSolution
		HideSolutionNode = FALSE
	EndGlobalSection
	GlobalSection(ProjectConfigurationPlatforms) = postSolution
		{8900D6CC-784F-446F-9F59-BA0779DDC3B1}.Debug|Any CPU.ActiveCfg = Debug|Any CPU
		{8900D6CC-784F-446F-9F59-BA0779DDC3B1}.Debug|Any CPU.Build.0 = Debug|Any CPU
		{8900D6CC-784F-446F-9F59-BA0779DDC3B1}.Debug|x64.ActiveCfg = Debug|Any CPU
		{8900D6CC-784F-446F-9F59-BA0779DDC3B1}.Debug|x64.Build.0 = Debug|Any CPU
		{8900D6CC-784F-446F-9F59-BA0779DDC3B1}.Debug|x86.ActiveCfg = Debug|Any CPU
		{8900D6CC-784F-446F-9F59-BA0779DDC3B1}.Debug|x86.Build.0 = Debug|Any CPU
		{8900D6CC-784F-446F-9F59-BA0779DDC3B1}.Release|Any CPU.ActiveCfg = Release|Any CPU
		{8900D6CC-784F-446F-9F59-BA0779DDC3B1}.Release|Any CPU.Build.0 = Release|Any CPU
		{8900D6CC-784F-446F-9F59-BA0779DDC3B1}.Release|x64.ActiveCfg = Release|Any CPU
		{8900D6CC-784F-446F-9F59-BA0779DDC3B1}.Release|x64.Build.0 = Release|Any CPU
		{8900D6CC-784F-446F-9F59-BA0779DDC3B1}.Release|x86.ActiveCfg = Release|Any CPU
		{8900D6CC-784F-446F-9F59-BA0779DDC3B1}.Release|x86.Build.0 = Release|Any CPU
		{B25012FC-ED08-4E01-9B38-BE8740F1ADD0}.Debug|Any CPU.ActiveCfg = Debug|Any CPU
		{B25012FC-ED08-4E01-9B38-BE8740F1ADD0}.Debug|Any CPU.Build.0 = Debug|Any CPU
		{B25012FC-ED08-4E01-9B38-BE8740F1ADD0}.Debug|x64.ActiveCfg = Debug|Any CPU
		{B25012FC-ED08-4E01-9B38-BE8740F1ADD0}.Debug|x64.Build.0 = Debug|Any CPU
		{B25012FC-ED08-4E01-9B38-BE8740F1ADD0}.Debug|x86.ActiveCfg = Debug|Any CPU
		{B25012FC-ED08-4E01-9B38-BE8740F1ADD0}.Debug|x86.Build.0 = Debug|Any CPU
		{B25012FC-ED08-4E01-9B38-BE8740F1ADD0}.Release|Any CPU.ActiveCfg = Release|Any CPU
		{B25012FC-ED08-4E01-9B38-BE8740F1ADD0}.Release|Any CPU.Build.0 = Release|Any CPU
		{B25012FC-ED08-4E01-9B38-BE8740F1ADD0}.Release|x64.ActiveCfg = Release|Any CPU
		{B25012FC-ED08-4E01-9B38-BE8740F1ADD0}.Release|x64.Build.0 = Release|Any CPU
		{B25012FC-ED08-4E01-9B38-BE8740F1ADD0}.Release|x86.ActiveCfg = Release|Any CPU
		{B25012FC-ED08-4E01-9B38-BE8740F1ADD0}.Release|x86.Build.0 = Release|Any CPU
	EndGlobalSection
	GlobalSection(NestedProjects) = preSolution
		{8900D6CC-784F-446F-9F59-BA0779DDC3B1} = {EB07E753-385B-41CB-BFCC-33777424BFE8}
		{B25012FC-ED08-4E01-9B38-BE8740F1ADD0} = {4F5CEA16-3EE9-4CBD-82BD-FE0A0B03CA44}
	EndGlobalSection
EndGlobal
